
Microsoft Visual Studio Solution File, Format Version 12.00
# Visual Studio Version 17
VisualStudioVersion = 17.0.32014.148
MinimumVisualStudioVersion = 10.0.40219.1
Project("{9A19103F-16F7-4668-BE54-9A1E7A4F7556}") = "School menu", "Students menu\School menu.csproj", "{11FA6B01-7812-43CD-B153-03F2513F2F5E}"
EndProject
Global
	GlobalSection(SolutionConfigurationPlatforms) = preSolution
		Debug|Any CPU = Debug|Any CPU
		Release|Any CPU = Release|Any CPU
	EndGlobalSection
	GlobalSection(ProjectConfigurationPlatforms) = postSolution
		{11FA6B01-7812-43CD-B153-03F2513F2F5E}.Debug|Any CPU.ActiveCfg = Debug|Any CPU
		{11FA6B01-7812-43CD-B153-03F2513F2F5E}.Debug|Any CPU.Build.0 = Debug|Any CPU
		{11FA6B01-7812-43CD-B153-03F2513F2F5E}.Release|Any CPU.ActiveCfg = Release|Any CPU
		{11FA6B01-7812-43CD-B153-03F2513F2F5E}.Release|Any CPU.Build.0 = Release|Any CPU
	EndGlobalSection
	GlobalSection(SolutionProperties) = preSolution
		HideSolutionNode = FALSE
	EndGlobalSection
	GlobalSection(ExtensibilityGlobals) = postSolution
		SolutionGuid = {2B05EE13-40D2-4F37-8848-69C72358E0C7}
	EndGlobalSection
EndGlobal
